
Microsoft Visual Studio Solution File, Format Version 12.00
# Visual Studio Version 17
VisualStudioVersion = 17.14.36414.22 d17.14
MinimumVisualStudioVersion = 10.0.40219.1
Project("{888888A0-9F3D-457C-B088-3A5042F75D52}") = "IKTpe25_1", "IKTpe25_1.pyproj", "{BB117F36-82E2-457A-977D-743C9B0AA71B}"
EndProject
Global
	GlobalSection(SolutionConfigurationPlatforms) = preSolution
		Debug|Any CPU = Debug|Any CPU
		Release|Any CPU = Release|Any CPU
	EndGlobalSection
	GlobalSection(ProjectConfigurationPlatforms) = postSolution
		{BB117F36-82E2-457A-977D-743C9B0AA71B}.Debug|Any CPU.ActiveCfg = Debug|Any CPU
		{BB117F36-82E2-457A-977D-743C9B0AA71B}.Release|Any CPU.ActiveCfg = Release|Any CPU
	EndGlobalSection
	GlobalSection(SolutionProperties) = preSolution
		HideSolutionNode = FALSE
	EndGlobalSection
	GlobalSection(ExtensibilityGlobals) = postSolution
		SolutionGuid = {7FA3253F-B9D0-41A2-8F6F-A3216F73DE92}
	EndGlobalSection
EndGlobal
